
Microsoft Visual Studio Solution File, Format Version 12.00
# Visual Studio Version 17
VisualStudioVersion = 17.8.34511.84
MinimumVisualStudioVersion = 10.0.40219.1
Project("{8BC9CEB8-8B4A-11D0-8D11-00A0C91BC942}") = "Practa6+", "Practa6+\Practa6+.vcxproj", "{0547BEB6-3D81-4221-BB68-70A573D7A0AB}"
EndProject
Global
	GlobalSection(SolutionConfigurationPlatforms) = preSolution
		Debug|x64 = Debug|x64
		Debug|x86 = Debug|x86
		Release|x64 = Release|x64
		Release|x86 = Release|x86
	EndGlobalSection
	GlobalSection(ProjectConfigurationPlatforms) = postSolution
		{0547BEB6-3D81-4221-BB68-70A573D7A0AB}.Debug|x64.ActiveCfg = Debug|x64
		{0547BEB6-3D81-4221-BB68-70A573D7A0AB}.Debug|x64.Build.0 = Debug|x64
		{0547BEB6-3D81-4221-BB68-70A573D7A0AB}.Debug|x86.ActiveCfg = Debug|Win32
		{0547BEB6-3D81-4221-BB68-70A573D7A0AB}.Debug|x86.Build.0 = Debug|Win32
		{0547BEB6-3D81-4221-BB68-70A573D7A0AB}.Release|x64.ActiveCfg = Release|x64
		{0547BEB6-3D81-4221-BB68-70A573D7A0AB}.Release|x64.Build.0 = Release|x64
		{0547BEB6-3D81-4221-BB68-70A573D7A0AB}.Release|x86.ActiveCfg = Release|Win32
		{0547BEB6-3D81-4221-BB68-70A573D7A0AB}.Release|x86.Build.0 = Release|Win32
	EndGlobalSection
	GlobalSection(SolutionProperties) = preSolution
		HideSolutionNode = FALSE
	EndGlobalSection
	GlobalSection(ExtensibilityGlobals) = postSolution
		SolutionGuid = {0A70AA05-BB8F-4496-BB86-836B2B018BB4}
	EndGlobalSection
EndGlobal
